
Microsoft Visual Studio Solution File, Format Version 12.00
# Visual Studio Version 16
VisualStudioVersion = 16.0.28803.916
MinimumVisualStudioVersion = 10.0.40219.1
Project("{FAE04EC0-301F-11D3-BF4B-00C04F79EFBC}") = "Exe030 (DB5)", "Exe030 (DB5)\Exe030 (DB5).csproj", "{6D355AD1-E929-4C95-8014-3C8A556A7A2A}"
EndProject
Global
	GlobalSection(SolutionConfigurationPlatforms) = preSolution
		Debug|Any CPU = Debug|Any CPU
		Release|Any CPU = Release|Any CPU
	EndGlobalSection
	GlobalSection(ProjectConfigurationPlatforms) = postSolution
		{6D355AD1-E929-4C95-8014-3C8A556A7A2A}.Debug|Any CPU.ActiveCfg = Debug|Any CPU
		{6D355AD1-E929-4C95-8014-3C8A556A7A2A}.Debug|Any CPU.Build.0 = Debug|Any CPU
		{6D355AD1-E929-4C95-8014-3C8A556A7A2A}.Release|Any CPU.ActiveCfg = Release|Any CPU
		{6D355AD1-E929-4C95-8014-3C8A556A7A2A}.Release|Any CPU.Build.0 = Release|Any CPU
	EndGlobalSection
	GlobalSection(SolutionProperties) = preSolution
		HideSolutionNode = FALSE
	EndGlobalSection
	GlobalSection(ExtensibilityGlobals) = postSolution
		SolutionGuid = {7EE46E6E-66CF-4D8C-BAF2-FBF0EF6D27D4}
	EndGlobalSection
EndGlobal
