
Microsoft Visual Studio Solution File, Format Version 12.00
# Visual Studio Version 16
VisualStudioVersion = 16.0.28803.916
MinimumVisualStudioVersion = 10.0.40219.1
Project("{FAE04EC0-301F-11D3-BF4B-00C04F79EFBC}") = "PrjConexaoSQL", "PrjConexaoSQL\PrjConexaoSQL.csproj", "{2FD283F7-432C-414D-A542-669344AC24F5}"
EndProject
Global
	GlobalSection(SolutionConfigurationPlatforms) = preSolution
		Debug|Any CPU = Debug|Any CPU
		Release|Any CPU = Release|Any CPU
	EndGlobalSection
	GlobalSection(ProjectConfigurationPlatforms) = postSolution
		{2FD283F7-432C-414D-A542-669344AC24F5}.Debug|Any CPU.ActiveCfg = Debug|Any CPU
		{2FD283F7-432C-414D-A542-669344AC24F5}.Debug|Any CPU.Build.0 = Debug|Any CPU
		{2FD283F7-432C-414D-A542-669344AC24F5}.Release|Any CPU.ActiveCfg = Release|Any CPU
		{2FD283F7-432C-414D-A542-669344AC24F5}.Release|Any CPU.Build.0 = Release|Any CPU
	EndGlobalSection
	GlobalSection(SolutionProperties) = preSolution
		HideSolutionNode = FALSE
	EndGlobalSection
	GlobalSection(ExtensibilityGlobals) = postSolution
		SolutionGuid = {BFC462BD-4D1B-48B9-8157-54A6C59F6EB2}
	EndGlobalSection
EndGlobal
