
Microsoft Visual Studio Solution File, Format Version 12.00
# Visual Studio Version 16
VisualStudioVersion = 16.0.28803.916
MinimumVisualStudioVersion = 10.0.40219.1
Project("{FAE04EC0-301F-11D3-BF4B-00C04F79EFBC}") = "Exe029 (DB4)", "Exe029 (DB4)\Exe029 (DB4).csproj", "{8DACD8E9-1934-40E6-AD59-8CE5A98C0772}"
EndProject
Global
	GlobalSection(SolutionConfigurationPlatforms) = preSolution
		Debug|Any CPU = Debug|Any CPU
		Release|Any CPU = Release|Any CPU
	EndGlobalSection
	GlobalSection(ProjectConfigurationPlatforms) = postSolution
		{8DACD8E9-1934-40E6-AD59-8CE5A98C0772}.Debug|Any CPU.ActiveCfg = Debug|Any CPU
		{8DACD8E9-1934-40E6-AD59-8CE5A98C0772}.Debug|Any CPU.Build.0 = Debug|Any CPU
		{8DACD8E9-1934-40E6-AD59-8CE5A98C0772}.Release|Any CPU.ActiveCfg = Release|Any CPU
		{8DACD8E9-1934-40E6-AD59-8CE5A98C0772}.Release|Any CPU.Build.0 = Release|Any CPU
	EndGlobalSection
	GlobalSection(SolutionProperties) = preSolution
		HideSolutionNode = FALSE
	EndGlobalSection
	GlobalSection(ExtensibilityGlobals) = postSolution
		SolutionGuid = {20CD6EAD-BD93-4770-BE56-309601ABAA9F}
	EndGlobalSection
EndGlobal
