
Microsoft Visual Studio Solution File, Format Version 12.00
# Visual Studio Version 16
VisualStudioVersion = 16.0.28803.916
MinimumVisualStudioVersion = 10.0.40219.1
Project("{FAE04EC0-301F-11D3-BF4B-00C04F79EFBC}") = "Exe009", "Exe009\Exe009.csproj", "{0D3AB09E-1A45-405F-B464-F073E3B88609}"
EndProject
Global
	GlobalSection(SolutionConfigurationPlatforms) = preSolution
		Debug|Any CPU = Debug|Any CPU
		Release|Any CPU = Release|Any CPU
	EndGlobalSection
	GlobalSection(ProjectConfigurationPlatforms) = postSolution
		{0D3AB09E-1A45-405F-B464-F073E3B88609}.Debug|Any CPU.ActiveCfg = Debug|Any CPU
		{0D3AB09E-1A45-405F-B464-F073E3B88609}.Debug|Any CPU.Build.0 = Debug|Any CPU
		{0D3AB09E-1A45-405F-B464-F073E3B88609}.Release|Any CPU.ActiveCfg = Release|Any CPU
		{0D3AB09E-1A45-405F-B464-F073E3B88609}.Release|Any CPU.Build.0 = Release|Any CPU
	EndGlobalSection
	GlobalSection(SolutionProperties) = preSolution
		HideSolutionNode = FALSE
	EndGlobalSection
	GlobalSection(ExtensibilityGlobals) = postSolution
		SolutionGuid = {56550F37-91B0-41E7-8448-D21B61E3A9FE}
	EndGlobalSection
EndGlobal
