
Microsoft Visual Studio Solution File, Format Version 12.00
# Visual Studio Version 16
VisualStudioVersion = 16.0.28803.916
MinimumVisualStudioVersion = 10.0.40219.1
Project("{FAE04EC0-301F-11D3-BF4B-00C04F79EFBC}") = "Exe011", "Exe011\Exe011.csproj", "{FDD13C91-DCC1-4643-AC5C-65283931CA90}"
EndProject
Global
	GlobalSection(SolutionConfigurationPlatforms) = preSolution
		Debug|Any CPU = Debug|Any CPU
		Release|Any CPU = Release|Any CPU
	EndGlobalSection
	GlobalSection(ProjectConfigurationPlatforms) = postSolution
		{FDD13C91-DCC1-4643-AC5C-65283931CA90}.Debug|Any CPU.ActiveCfg = Debug|Any CPU
		{FDD13C91-DCC1-4643-AC5C-65283931CA90}.Debug|Any CPU.Build.0 = Debug|Any CPU
		{FDD13C91-DCC1-4643-AC5C-65283931CA90}.Release|Any CPU.ActiveCfg = Release|Any CPU
		{FDD13C91-DCC1-4643-AC5C-65283931CA90}.Release|Any CPU.Build.0 = Release|Any CPU
	EndGlobalSection
	GlobalSection(SolutionProperties) = preSolution
		HideSolutionNode = FALSE
	EndGlobalSection
	GlobalSection(ExtensibilityGlobals) = postSolution
		SolutionGuid = {8993C539-23EE-411F-A92B-8DCD67188C6A}
	EndGlobalSection
EndGlobal
