
Microsoft Visual Studio Solution File, Format Version 12.00
# Visual Studio Version 16
VisualStudioVersion = 16.0.28803.916
MinimumVisualStudioVersion = 10.0.40219.1
Project("{FAE04EC0-301F-11D3-BF4B-00C04F79EFBC}") = "Exe025 (Abstract Class)", "Exe025 (Abstract Class)\Exe025 (Abstract Class).csproj", "{A94F557D-503B-4C6B-A818-C4CACF69F7CB}"
EndProject
Global
	GlobalSection(SolutionConfigurationPlatforms) = preSolution
		Debug|Any CPU = Debug|Any CPU
		Release|Any CPU = Release|Any CPU
	EndGlobalSection
	GlobalSection(ProjectConfigurationPlatforms) = postSolution
		{A94F557D-503B-4C6B-A818-C4CACF69F7CB}.Debug|Any CPU.ActiveCfg = Debug|Any CPU
		{A94F557D-503B-4C6B-A818-C4CACF69F7CB}.Debug|Any CPU.Build.0 = Debug|Any CPU
		{A94F557D-503B-4C6B-A818-C4CACF69F7CB}.Release|Any CPU.ActiveCfg = Release|Any CPU
		{A94F557D-503B-4C6B-A818-C4CACF69F7CB}.Release|Any CPU.Build.0 = Release|Any CPU
	EndGlobalSection
	GlobalSection(SolutionProperties) = preSolution
		HideSolutionNode = FALSE
	EndGlobalSection
	GlobalSection(ExtensibilityGlobals) = postSolution
		SolutionGuid = {7B15C9E0-3A97-4061-AC7B-C7AEF99B65E0}
	EndGlobalSection
EndGlobal
