
Microsoft Visual Studio Solution File, Format Version 12.00
# Visual Studio Version 16
VisualStudioVersion = 16.0.28803.916
MinimumVisualStudioVersion = 10.0.40219.1
Project("{FAE04EC0-301F-11D3-BF4B-00C04F79EFBC}") = "PrjArduino", "PrjArduino\PrjArduino.csproj", "{AAECE625-E038-46B4-9D0D-D111A2D751B0}"
EndProject
Global
	GlobalSection(SolutionConfigurationPlatforms) = preSolution
		Debug|Any CPU = Debug|Any CPU
		Release|Any CPU = Release|Any CPU
	EndGlobalSection
	GlobalSection(ProjectConfigurationPlatforms) = postSolution
		{AAECE625-E038-46B4-9D0D-D111A2D751B0}.Debug|Any CPU.ActiveCfg = Debug|Any CPU
		{AAECE625-E038-46B4-9D0D-D111A2D751B0}.Debug|Any CPU.Build.0 = Debug|Any CPU
		{AAECE625-E038-46B4-9D0D-D111A2D751B0}.Release|Any CPU.ActiveCfg = Release|Any CPU
		{AAECE625-E038-46B4-9D0D-D111A2D751B0}.Release|Any CPU.Build.0 = Release|Any CPU
	EndGlobalSection
	GlobalSection(SolutionProperties) = preSolution
		HideSolutionNode = FALSE
	EndGlobalSection
	GlobalSection(ExtensibilityGlobals) = postSolution
		SolutionGuid = {ADD99321-E223-47D8-B0BD-1E42E03D0ACF}
	EndGlobalSection
EndGlobal
