
Microsoft Visual Studio Solution File, Format Version 12.00
# Visual Studio Version 16
VisualStudioVersion = 16.0.28803.916
MinimumVisualStudioVersion = 10.0.40219.1
Project("{FAE04EC0-301F-11D3-BF4B-00C04F79EFBC}") = "forcaweb", "forcaweb\forcaweb.csproj", "{25ABD776-8B4C-48CB-8838-81EABDF4747A}"
EndProject
Global
	GlobalSection(SolutionConfigurationPlatforms) = preSolution
		Debug|Any CPU = Debug|Any CPU
		Release|Any CPU = Release|Any CPU
	EndGlobalSection
	GlobalSection(ProjectConfigurationPlatforms) = postSolution
		{25ABD776-8B4C-48CB-8838-81EABDF4747A}.Debug|Any CPU.ActiveCfg = Debug|Any CPU
		{25ABD776-8B4C-48CB-8838-81EABDF4747A}.Debug|Any CPU.Build.0 = Debug|Any CPU
		{25ABD776-8B4C-48CB-8838-81EABDF4747A}.Release|Any CPU.ActiveCfg = Release|Any CPU
		{25ABD776-8B4C-48CB-8838-81EABDF4747A}.Release|Any CPU.Build.0 = Release|Any CPU
	EndGlobalSection
	GlobalSection(SolutionProperties) = preSolution
		HideSolutionNode = FALSE
	EndGlobalSection
	GlobalSection(ExtensibilityGlobals) = postSolution
		SolutionGuid = {9F1AD026-E961-44E0-8B0F-152E3B12FE48}
	EndGlobalSection
EndGlobal
