
Microsoft Visual Studio Solution File, Format Version 12.00
# Visual Studio Version 16
VisualStudioVersion = 16.0.28803.916
MinimumVisualStudioVersion = 10.0.40219.1
Project("{FAE04EC0-301F-11D3-BF4B-00C04F79EFBC}") = "Exe003_Maria", "Exe003_Maria\Exe003_Maria.csproj", "{C68479B3-1211-42C5-9320-A7C0A37AFE0B}"
EndProject
Global
	GlobalSection(SolutionConfigurationPlatforms) = preSolution
		Debug|Any CPU = Debug|Any CPU
		Release|Any CPU = Release|Any CPU
	EndGlobalSection
	GlobalSection(ProjectConfigurationPlatforms) = postSolution
		{C68479B3-1211-42C5-9320-A7C0A37AFE0B}.Debug|Any CPU.ActiveCfg = Debug|Any CPU
		{C68479B3-1211-42C5-9320-A7C0A37AFE0B}.Debug|Any CPU.Build.0 = Debug|Any CPU
		{C68479B3-1211-42C5-9320-A7C0A37AFE0B}.Release|Any CPU.ActiveCfg = Release|Any CPU
		{C68479B3-1211-42C5-9320-A7C0A37AFE0B}.Release|Any CPU.Build.0 = Release|Any CPU
	EndGlobalSection
	GlobalSection(SolutionProperties) = preSolution
		HideSolutionNode = FALSE
	EndGlobalSection
	GlobalSection(ExtensibilityGlobals) = postSolution
		SolutionGuid = {2AF59959-73B2-4F44-A819-8FE44778BC2F}
	EndGlobalSection
EndGlobal
