
Microsoft Visual Studio Solution File, Format Version 12.00
# Visual Studio Version 16
VisualStudioVersion = 16.0.28803.916
MinimumVisualStudioVersion = 10.0.40219.1
Project("{FAE04EC0-301F-11D3-BF4B-00C04F79EFBC}") = "Avaliacao3", "Avaliacao3\Avaliacao3.csproj", "{38DEE095-C965-490C-95BD-82C33BAD3594}"
EndProject
Global
	GlobalSection(SolutionConfigurationPlatforms) = preSolution
		Debug|Any CPU = Debug|Any CPU
		Release|Any CPU = Release|Any CPU
	EndGlobalSection
	GlobalSection(ProjectConfigurationPlatforms) = postSolution
		{38DEE095-C965-490C-95BD-82C33BAD3594}.Debug|Any CPU.ActiveCfg = Debug|Any CPU
		{38DEE095-C965-490C-95BD-82C33BAD3594}.Debug|Any CPU.Build.0 = Debug|Any CPU
		{38DEE095-C965-490C-95BD-82C33BAD3594}.Release|Any CPU.ActiveCfg = Release|Any CPU
		{38DEE095-C965-490C-95BD-82C33BAD3594}.Release|Any CPU.Build.0 = Release|Any CPU
	EndGlobalSection
	GlobalSection(SolutionProperties) = preSolution
		HideSolutionNode = FALSE
	EndGlobalSection
	GlobalSection(ExtensibilityGlobals) = postSolution
		SolutionGuid = {8E1C7885-5F45-41ED-8303-005F7DFF0E25}
	EndGlobalSection
EndGlobal
